
Microsoft Visual Studio Solution File, Format Version 12.00
# Visual Studio Version 16
VisualStudioVersion = 16.0.30309.148
MinimumVisualStudioVersion = 10.0.40219.1
Project("{8BC9CEB8-8B4A-11D0-8D11-00A0C91BC942}") = "Youtubedownload", "Youtubedownload.vcxproj", "{29D98EF0-9DB3-4F72-BB3F-DFAEE8DE23B3}"
EndProject
Global
	GlobalSection(SolutionConfigurationPlatforms) = preSolution
		Debug|x64 = Debug|x64
		Debug|x86 = Debug|x86
		Release|x64 = Release|x64
		Release|x86 = Release|x86
	EndGlobalSection
	GlobalSection(ProjectConfigurationPlatforms) = postSolution
		{29D98EF0-9DB3-4F72-BB3F-DFAEE8DE23B3}.Debug|x64.ActiveCfg = Debug|x64
		{29D98EF0-9DB3-4F72-BB3F-DFAEE8DE23B3}.Debug|x64.Build.0 = Debug|x64
		{29D98EF0-9DB3-4F72-BB3F-DFAEE8DE23B3}.Debug|x86.ActiveCfg = Debug|Win32
		{29D98EF0-9DB3-4F72-BB3F-DFAEE8DE23B3}.Debug|x86.Build.0 = Debug|Win32
		{29D98EF0-9DB3-4F72-BB3F-DFAEE8DE23B3}.Release|x64.ActiveCfg = Release|x64
		{29D98EF0-9DB3-4F72-BB3F-DFAEE8DE23B3}.Release|x64.Build.0 = Release|x64
		{29D98EF0-9DB3-4F72-BB3F-DFAEE8DE23B3}.Release|x86.ActiveCfg = Release|Win32
		{29D98EF0-9DB3-4F72-BB3F-DFAEE8DE23B3}.Release|x86.Build.0 = Release|Win32
	EndGlobalSection
	GlobalSection(SolutionProperties) = preSolution
		HideSolutionNode = FALSE
	EndGlobalSection
	GlobalSection(ExtensibilityGlobals) = postSolution
		SolutionGuid = {13860EE9-2B8B-4AC2-B315-BAC9E9DD03D7}
	EndGlobalSection
EndGlobal
